
Microsoft Visual Studio Solution File, Format Version 11.00
# Visual Studio 2010
Project("{FAE04EC0-301F-11D3-BF4B-00C04F79EFBC}") = "UnityEngine.UI", "UnityEngine.UI.csproj", "{567c8513-5805-056d-7f02-26e2b5689661}"
EndProject
Project("{FAE04EC0-301F-11D3-BF4B-00C04F79EFBC}") = "Unity.RenderPipelines.Core.Runtime", "Unity.RenderPipelines.Core.Runtime.csproj", "{4254bd18-1234-224a-92fe-2dd48a6bc5a0}"
EndProject
Project("{FAE04EC0-301F-11D3-BF4B-00C04F79EFBC}") = "UnityEngine.TestRunner", "UnityEngine.TestRunner.csproj", "{4b0bcff7-351c-b2cc-b759-05dcb503017e}"
EndProject
Project("{FAE04EC0-301F-11D3-BF4B-00C04F79EFBC}") = "Unity.Mathematics", "Unity.Mathematics.csproj", "{b32359d3-cc87-b6f9-6635-531fa410cfd2}"
EndProject
Project("{FAE04EC0-301F-11D3-BF4B-00C04F79EFBC}") = "Unity.Timeline", "Unity.Timeline.csproj", "{5f60f994-6d03-d181-e11f-f430875925c7}"
EndProject
Project("{FAE04EC0-301F-11D3-BF4B-00C04F79EFBC}") = "Core", "Core.csproj", "{7f25a031-b6d0-32c0-3ca0-918927f847b8}"
EndProject
Project("{FAE04EC0-301F-11D3-BF4B-00C04F79EFBC}") = "Unity.RenderPipelines.Universal.Runtime", "Unity.RenderPipelines.Universal.Runtime.csproj", "{2bf64762-1514-6e11-790a-cd315f5fa1c8}"
EndProject
Project("{FAE04EC0-301F-11D3-BF4B-00C04F79EFBC}") = "Unity.TextMeshPro", "Unity.TextMeshPro.csproj", "{9db32d2e-f922-2d8c-5b9e-9c330e07ea3d}"
EndProject
Project("{FAE04EC0-301F-11D3-BF4B-00C04F79EFBC}") = "PlayModeTests", "PlayModeTests.csproj", "{123fa4ce-96ab-a510-9966-579f3f4920ed}"
EndProject
Project("{FAE04EC0-301F-11D3-BF4B-00C04F79EFBC}") = "Assembly-CSharp", "Assembly-CSharp.csproj", "{64e488d1-8cb3-72f6-b0d3-da72146d79eb}"
EndProject
Project("{FAE04EC0-301F-11D3-BF4B-00C04F79EFBC}") = "Unity.RenderPipelines.Core.ShaderLibrary", "Unity.RenderPipelines.Core.ShaderLibrary.csproj", "{83afff2a-ca2c-34e0-2aa6-ee4f770ef25e}"
EndProject
Project("{FAE04EC0-301F-11D3-BF4B-00C04F79EFBC}") = "Unity.RenderPipelines.Universal.Shaders", "Unity.RenderPipelines.Universal.Shaders.csproj", "{b5109c54-2020-1535-5d23-402b8d3544fb}"
EndProject
Project("{FAE04EC0-301F-11D3-BF4B-00C04F79EFBC}") = "Unity.RenderPipelines.ShaderGraph.ShaderGraphLibrary", "Unity.RenderPipelines.ShaderGraph.ShaderGraphLibrary.csproj", "{3c8208c1-cb2e-3213-16cd-10144d8b528b}"
EndProject
Project("{FAE04EC0-301F-11D3-BF4B-00C04F79EFBC}") = "Unity.RenderPipeline.Universal.ShaderLibrary", "Unity.RenderPipeline.Universal.ShaderLibrary.csproj", "{54eb639b-548b-e0b0-d881-990080d76b9e}"
EndProject
Project("{FAE04EC0-301F-11D3-BF4B-00C04F79EFBC}") = "Tests", "Tests.csproj", "{324c1df6-1f45-c14a-2231-551b60058c93}"
EndProject
Project("{FAE04EC0-301F-11D3-BF4B-00C04F79EFBC}") = "UnityEditor.TestRunner", "UnityEditor.TestRunner.csproj", "{8ce5df30-ef58-dc39-fa11-7fd2be8665e5}"
EndProject
Project("{FAE04EC0-301F-11D3-BF4B-00C04F79EFBC}") = "Unity.PlasticSCM.Editor", "Unity.PlasticSCM.Editor.csproj", "{a74b8843-6dfb-5314-c665-ffb046903dc9}"
EndProject
Project("{FAE04EC0-301F-11D3-BF4B-00C04F79EFBC}") = "Unity.ShaderGraph.Editor", "Unity.ShaderGraph.Editor.csproj", "{bf8dc019-006c-76b2-5d09-6f2d03d1267f}"
EndProject
Project("{FAE04EC0-301F-11D3-BF4B-00C04F79EFBC}") = "UnityEditor.UI", "UnityEditor.UI.csproj", "{f4550037-04f0-2464-ff6e-98d08064c9d6}"
EndProject
Project("{FAE04EC0-301F-11D3-BF4B-00C04F79EFBC}") = "Unity.VisualStudio.Editor", "Unity.VisualStudio.Editor.csproj", "{de1d6373-346a-f3af-8199-70598043f652}"
EndProject
Project("{FAE04EC0-301F-11D3-BF4B-00C04F79EFBC}") = "Unity.Timeline.Editor", "Unity.Timeline.Editor.csproj", "{9a02bc21-3d50-de67-1a70-edf6eba991c8}"
EndProject
Project("{FAE04EC0-301F-11D3-BF4B-00C04F79EFBC}") = "Unity.TextMeshPro.Editor", "Unity.TextMeshPro.Editor.csproj", "{46f17e24-424f-7ce0-0dd7-8e3eaba2a978}"
EndProject
Project("{FAE04EC0-301F-11D3-BF4B-00C04F79EFBC}") = "Unity.RenderPipelines.Core.Editor", "Unity.RenderPipelines.Core.Editor.csproj", "{a3bc2849-0a8c-dd24-e763-4b50c349274e}"
EndProject
Project("{FAE04EC0-301F-11D3-BF4B-00C04F79EFBC}") = "Unity.CollabProxy.Editor", "Unity.CollabProxy.Editor.csproj", "{7149f851-6dba-9d41-0dee-22dfeae6ae6b}"
EndProject
Project("{FAE04EC0-301F-11D3-BF4B-00C04F79EFBC}") = "Unity.ShaderGraph.Utilities", "Unity.ShaderGraph.Utilities.csproj", "{e52229df-a093-81a7-6fbb-1572443a7e09}"
EndProject
Project("{FAE04EC0-301F-11D3-BF4B-00C04F79EFBC}") = "Unity.RenderPipelines.Universal.Editor", "Unity.RenderPipelines.Universal.Editor.csproj", "{3a5d2ef8-354a-0294-5334-372edb73e100}"
EndProject
Project("{FAE04EC0-301F-11D3-BF4B-00C04F79EFBC}") = "Unity.Rider.Editor", "Unity.Rider.Editor.csproj", "{4fc2fc13-e196-956b-22d1-e2ebb5d2961a}"
EndProject
Project("{FAE04EC0-301F-11D3-BF4B-00C04F79EFBC}") = "Unity.Searcher.Editor", "Unity.Searcher.Editor.csproj", "{d49ec578-45a6-09b8-a85a-f0fa7e6d022d}"
EndProject
Project("{FAE04EC0-301F-11D3-BF4B-00C04F79EFBC}") = "Unity.VSCode.Editor", "Unity.VSCode.Editor.csproj", "{c77770b9-edf4-81be-ad2d-fa9bdfa61b60}"
EndProject
Project("{FAE04EC0-301F-11D3-BF4B-00C04F79EFBC}") = "Unity.Mathematics.Editor", "Unity.Mathematics.Editor.csproj", "{3706128a-8e00-9545-59b8-33ff90f0dc8a}"
EndProject
Project("{FAE04EC0-301F-11D3-BF4B-00C04F79EFBC}") = "Assembly-CSharp-Editor", "Assembly-CSharp-Editor.csproj", "{8ac95a7a-b74c-c1ef-2e7b-40bae24e4ece}"
EndProject
Project("{FAE04EC0-301F-11D3-BF4B-00C04F79EFBC}") = "EditModeTests", "EditModeTests.csproj", "{e8e4efa1-77aa-6864-fc2a-2cc687a56cfd}"
EndProject
Global
	GlobalSection(SolutionConfigurationPlatforms) = preSolution
		Debug|Any CPU = Debug|Any CPU
		Release|Any CPU = Release|Any CPU
	EndGlobalSection
	GlobalSection(ProjectConfigurationPlatforms) = postSolution
		{567c8513-5805-056d-7f02-26e2b5689661}.Debug|Any CPU.ActiveCfg = Debug|Any CPU
		{567c8513-5805-056d-7f02-26e2b5689661}.Debug|Any CPU.Build.0 = Debug|Any CPU
		{567c8513-5805-056d-7f02-26e2b5689661}.Release|Any CPU.ActiveCfg = Release|Any CPU
		{567c8513-5805-056d-7f02-26e2b5689661}.Release|Any CPU.Build.0 = Release|Any CPU
		{4254bd18-1234-224a-92fe-2dd48a6bc5a0}.Debug|Any CPU.ActiveCfg = Debug|Any CPU
		{4254bd18-1234-224a-92fe-2dd48a6bc5a0}.Debug|Any CPU.Build.0 = Debug|Any CPU
		{4254bd18-1234-224a-92fe-2dd48a6bc5a0}.Release|Any CPU.ActiveCfg = Release|Any CPU
		{4254bd18-1234-224a-92fe-2dd48a6bc5a0}.Release|Any CPU.Build.0 = Release|Any CPU
		{4b0bcff7-351c-b2cc-b759-05dcb503017e}.Debug|Any CPU.ActiveCfg = Debug|Any CPU
		{4b0bcff7-351c-b2cc-b759-05dcb503017e}.Debug|Any CPU.Build.0 = Debug|Any CPU
		{4b0bcff7-351c-b2cc-b759-05dcb503017e}.Release|Any CPU.ActiveCfg = Release|Any CPU
		{4b0bcff7-351c-b2cc-b759-05dcb503017e}.Release|Any CPU.Build.0 = Release|Any CPU
		{b32359d3-cc87-b6f9-6635-531fa410cfd2}.Debug|Any CPU.ActiveCfg = Debug|Any CPU
		{b32359d3-cc87-b6f9-6635-531fa410cfd2}.Debug|Any CPU.Build.0 = Debug|Any CPU
		{b32359d3-cc87-b6f9-6635-531fa410cfd2}.Release|Any CPU.ActiveCfg = Release|Any CPU
		{b32359d3-cc87-b6f9-6635-531fa410cfd2}.Release|Any CPU.Build.0 = Release|Any CPU
		{5f60f994-6d03-d181-e11f-f430875925c7}.Debug|Any CPU.ActiveCfg = Debug|Any CPU
		{5f60f994-6d03-d181-e11f-f430875925c7}.Debug|Any CPU.Build.0 = Debug|Any CPU
		{5f60f994-6d03-d181-e11f-f430875925c7}.Release|Any CPU.ActiveCfg = Release|Any CPU
		{5f60f994-6d03-d181-e11f-f430875925c7}.Release|Any CPU.Build.0 = Release|Any CPU
		{7f25a031-b6d0-32c0-3ca0-918927f847b8}.Debug|Any CPU.ActiveCfg = Debug|Any CPU
		{7f25a031-b6d0-32c0-3ca0-918927f847b8}.Debug|Any CPU.Build.0 = Debug|Any CPU
		{7f25a031-b6d0-32c0-3ca0-918927f847b8}.Release|Any CPU.ActiveCfg = Release|Any CPU
		{7f25a031-b6d0-32c0-3ca0-918927f847b8}.Release|Any CPU.Build.0 = Release|Any CPU
		{2bf64762-1514-6e11-790a-cd315f5fa1c8}.Debug|Any CPU.ActiveCfg = Debug|Any CPU
		{2bf64762-1514-6e11-790a-cd315f5fa1c8}.Debug|Any CPU.Build.0 = Debug|Any CPU
		{2bf64762-1514-6e11-790a-cd315f5fa1c8}.Release|Any CPU.ActiveCfg = Release|Any CPU
		{2bf64762-1514-6e11-790a-cd315f5fa1c8}.Release|Any CPU.Build.0 = Release|Any CPU
		{9db32d2e-f922-2d8c-5b9e-9c330e07ea3d}.Debug|Any CPU.ActiveCfg = Debug|Any CPU
		{9db32d2e-f922-2d8c-5b9e-9c330e07ea3d}.Debug|Any CPU.Build.0 = Debug|Any CPU
		{9db32d2e-f922-2d8c-5b9e-9c330e07ea3d}.Release|Any CPU.ActiveCfg = Release|Any CPU
		{9db32d2e-f922-2d8c-5b9e-9c330e07ea3d}.Release|Any CPU.Build.0 = Release|Any CPU
		{123fa4ce-96ab-a510-9966-579f3f4920ed}.Debug|Any CPU.ActiveCfg = Debug|Any CPU
		{123fa4ce-96ab-a510-9966-579f3f4920ed}.Debug|Any CPU.Build.0 = Debug|Any CPU
		{123fa4ce-96ab-a510-9966-579f3f4920ed}.Release|Any CPU.ActiveCfg = Release|Any CPU
		{123fa4ce-96ab-a510-9966-579f3f4920ed}.Release|Any CPU.Build.0 = Release|Any CPU
		{64e488d1-8cb3-72f6-b0d3-da72146d79eb}.Debug|Any CPU.ActiveCfg = Debug|Any CPU
		{64e488d1-8cb3-72f6-b0d3-da72146d79eb}.Debug|Any CPU.Build.0 = Debug|Any CPU
		{64e488d1-8cb3-72f6-b0d3-da72146d79eb}.Release|Any CPU.ActiveCfg = Release|Any CPU
		{64e488d1-8cb3-72f6-b0d3-da72146d79eb}.Release|Any CPU.Build.0 = Release|Any CPU
		{83afff2a-ca2c-34e0-2aa6-ee4f770ef25e}.Debug|Any CPU.ActiveCfg = Debug|Any CPU
		{83afff2a-ca2c-34e0-2aa6-ee4f770ef25e}.Debug|Any CPU.Build.0 = Debug|Any CPU
		{83afff2a-ca2c-34e0-2aa6-ee4f770ef25e}.Release|Any CPU.ActiveCfg = Release|Any CPU
		{83afff2a-ca2c-34e0-2aa6-ee4f770ef25e}.Release|Any CPU.Build.0 = Release|Any CPU
		{b5109c54-2020-1535-5d23-402b8d3544fb}.Debug|Any CPU.ActiveCfg = Debug|Any CPU
		{b5109c54-2020-1535-5d23-402b8d3544fb}.Debug|Any CPU.Build.0 = Debug|Any CPU
		{b5109c54-2020-1535-5d23-402b8d3544fb}.Release|Any CPU.ActiveCfg = Release|Any CPU
		{b5109c54-2020-1535-5d23-402b8d3544fb}.Release|Any CPU.Build.0 = Release|Any CPU
		{3c8208c1-cb2e-3213-16cd-10144d8b528b}.Debug|Any CPU.ActiveCfg = Debug|Any CPU
		{3c8208c1-cb2e-3213-16cd-10144d8b528b}.Debug|Any CPU.Build.0 = Debug|Any CPU
		{3c8208c1-cb2e-3213-16cd-10144d8b528b}.Release|Any CPU.ActiveCfg = Release|Any CPU
		{3c8208c1-cb2e-3213-16cd-10144d8b528b}.Release|Any CPU.Build.0 = Release|Any CPU
		{54eb639b-548b-e0b0-d881-990080d76b9e}.Debug|Any CPU.ActiveCfg = Debug|Any CPU
		{54eb639b-548b-e0b0-d881-990080d76b9e}.Debug|Any CPU.Build.0 = Debug|Any CPU
		{54eb639b-548b-e0b0-d881-990080d76b9e}.Release|Any CPU.ActiveCfg = Release|Any CPU
		{54eb639b-548b-e0b0-d881-990080d76b9e}.Release|Any CPU.Build.0 = Release|Any CPU
		{324c1df6-1f45-c14a-2231-551b60058c93}.Debug|Any CPU.ActiveCfg = Debug|Any CPU
		{324c1df6-1f45-c14a-2231-551b60058c93}.Debug|Any CPU.Build.0 = Debug|Any CPU
		{324c1df6-1f45-c14a-2231-551b60058c93}.Release|Any CPU.ActiveCfg = Release|Any CPU
		{324c1df6-1f45-c14a-2231-551b60058c93}.Release|Any CPU.Build.0 = Release|Any CPU
		{8ce5df30-ef58-dc39-fa11-7fd2be8665e5}.Debug|Any CPU.ActiveCfg = Debug|Any CPU
		{8ce5df30-ef58-dc39-fa11-7fd2be8665e5}.Debug|Any CPU.Build.0 = Debug|Any CPU
		{8ce5df30-ef58-dc39-fa11-7fd2be8665e5}.Release|Any CPU.ActiveCfg = Release|Any CPU
		{8ce5df30-ef58-dc39-fa11-7fd2be8665e5}.Release|Any CPU.Build.0 = Release|Any CPU
		{a74b8843-6dfb-5314-c665-ffb046903dc9}.Debug|Any CPU.ActiveCfg = Debug|Any CPU
		{a74b8843-6dfb-5314-c665-ffb046903dc9}.Debug|Any CPU.Build.0 = Debug|Any CPU
		{a74b8843-6dfb-5314-c665-ffb046903dc9}.Release|Any CPU.ActiveCfg = Release|Any CPU
		{a74b8843-6dfb-5314-c665-ffb046903dc9}.Release|Any CPU.Build.0 = Release|Any CPU
		{bf8dc019-006c-76b2-5d09-6f2d03d1267f}.Debug|Any CPU.ActiveCfg = Debug|Any CPU
		{bf8dc019-006c-76b2-5d09-6f2d03d1267f}.Debug|Any CPU.Build.0 = Debug|Any CPU
		{bf8dc019-006c-76b2-5d09-6f2d03d1267f}.Release|Any CPU.ActiveCfg = Release|Any CPU
		{bf8dc019-006c-76b2-5d09-6f2d03d1267f}.Release|Any CPU.Build.0 = Release|Any CPU
		{f4550037-04f0-2464-ff6e-98d08064c9d6}.Debug|Any CPU.ActiveCfg = Debug|Any CPU
		{f4550037-04f0-2464-ff6e-98d08064c9d6}.Debug|Any CPU.Build.0 = Debug|Any CPU
		{f4550037-04f0-2464-ff6e-98d08064c9d6}.Release|Any CPU.ActiveCfg = Release|Any CPU
		{f4550037-04f0-2464-ff6e-98d08064c9d6}.Release|Any CPU.Build.0 = Release|Any CPU
		{de1d6373-346a-f3af-8199-70598043f652}.Debug|Any CPU.ActiveCfg = Debug|Any CPU
		{de1d6373-346a-f3af-8199-70598043f652}.Debug|Any CPU.Build.0 = Debug|Any CPU
		{de1d6373-346a-f3af-8199-70598043f652}.Release|Any CPU.ActiveCfg = Release|Any CPU
		{de1d6373-346a-f3af-8199-70598043f652}.Release|Any CPU.Build.0 = Release|Any CPU
		{9a02bc21-3d50-de67-1a70-edf6eba991c8}.Debug|Any CPU.ActiveCfg = Debug|Any CPU
		{9a02bc21-3d50-de67-1a70-edf6eba991c8}.Debug|Any CPU.Build.0 = Debug|Any CPU
		{9a02bc21-3d50-de67-1a70-edf6eba991c8}.Release|Any CPU.ActiveCfg = Release|Any CPU
		{9a02bc21-3d50-de67-1a70-edf6eba991c8}.Release|Any CPU.Build.0 = Release|Any CPU
		{46f17e24-424f-7ce0-0dd7-8e3eaba2a978}.Debug|Any CPU.ActiveCfg = Debug|Any CPU
		{46f17e24-424f-7ce0-0dd7-8e3eaba2a978}.Debug|Any CPU.Build.0 = Debug|Any CPU
		{46f17e24-424f-7ce0-0dd7-8e3eaba2a978}.Release|Any CPU.ActiveCfg = Release|Any CPU
		{46f17e24-424f-7ce0-0dd7-8e3eaba2a978}.Release|Any CPU.Build.0 = Release|Any CPU
		{a3bc2849-0a8c-dd24-e763-4b50c349274e}.Debug|Any CPU.ActiveCfg = Debug|Any CPU
		{a3bc2849-0a8c-dd24-e763-4b50c349274e}.Debug|Any CPU.Build.0 = Debug|Any CPU
		{a3bc2849-0a8c-dd24-e763-4b50c349274e}.Release|Any CPU.ActiveCfg = Release|Any CPU
		{a3bc2849-0a8c-dd24-e763-4b50c349274e}.Release|Any CPU.Build.0 = Release|Any CPU
		{7149f851-6dba-9d41-0dee-22dfeae6ae6b}.Debug|Any CPU.ActiveCfg = Debug|Any CPU
		{7149f851-6dba-9d41-0dee-22dfeae6ae6b}.Debug|Any CPU.Build.0 = Debug|Any CPU
		{7149f851-6dba-9d41-0dee-22dfeae6ae6b}.Release|Any CPU.ActiveCfg = Release|Any CPU
		{7149f851-6dba-9d41-0dee-22dfeae6ae6b}.Release|Any CPU.Build.0 = Release|Any CPU
		{e52229df-a093-81a7-6fbb-1572443a7e09}.Debug|Any CPU.ActiveCfg = Debug|Any CPU
		{e52229df-a093-81a7-6fbb-1572443a7e09}.Debug|Any CPU.Build.0 = Debug|Any CPU
		{e52229df-a093-81a7-6fbb-1572443a7e09}.Release|Any CPU.ActiveCfg = Release|Any CPU
		{e52229df-a093-81a7-6fbb-1572443a7e09}.Release|Any CPU.Build.0 = Release|Any CPU
		{3a5d2ef8-354a-0294-5334-372edb73e100}.Debug|Any CPU.ActiveCfg = Debug|Any CPU
		{3a5d2ef8-354a-0294-5334-372edb73e100}.Debug|Any CPU.Build.0 = Debug|Any CPU
		{3a5d2ef8-354a-0294-5334-372edb73e100}.Release|Any CPU.ActiveCfg = Release|Any CPU
		{3a5d2ef8-354a-0294-5334-372edb73e100}.Release|Any CPU.Build.0 = Release|Any CPU
		{4fc2fc13-e196-956b-22d1-e2ebb5d2961a}.Debug|Any CPU.ActiveCfg = Debug|Any CPU
		{4fc2fc13-e196-956b-22d1-e2ebb5d2961a}.Debug|Any CPU.Build.0 = Debug|Any CPU
		{4fc2fc13-e196-956b-22d1-e2ebb5d2961a}.Release|Any CPU.ActiveCfg = Release|Any CPU
		{4fc2fc13-e196-956b-22d1-e2ebb5d2961a}.Release|Any CPU.Build.0 = Release|Any CPU
		{d49ec578-45a6-09b8-a85a-f0fa7e6d022d}.Debug|Any CPU.ActiveCfg = Debug|Any CPU
		{d49ec578-45a6-09b8-a85a-f0fa7e6d022d}.Debug|Any CPU.Build.0 = Debug|Any CPU
		{d49ec578-45a6-09b8-a85a-f0fa7e6d022d}.Release|Any CPU.ActiveCfg = Release|Any CPU
		{d49ec578-45a6-09b8-a85a-f0fa7e6d022d}.Release|Any CPU.Build.0 = Release|Any CPU
		{c77770b9-edf4-81be-ad2d-fa9bdfa61b60}.Debug|Any CPU.ActiveCfg = Debug|Any CPU
		{c77770b9-edf4-81be-ad2d-fa9bdfa61b60}.Debug|Any CPU.Build.0 = Debug|Any CPU
		{c77770b9-edf4-81be-ad2d-fa9bdfa61b60}.Release|Any CPU.ActiveCfg = Release|Any CPU
		{c77770b9-edf4-81be-ad2d-fa9bdfa61b60}.Release|Any CPU.Build.0 = Release|Any CPU
		{3706128a-8e00-9545-59b8-33ff90f0dc8a}.Debug|Any CPU.ActiveCfg = Debug|Any CPU
		{3706128a-8e00-9545-59b8-33ff90f0dc8a}.Debug|Any CPU.Build.0 = Debug|Any CPU
		{3706128a-8e00-9545-59b8-33ff90f0dc8a}.Release|Any CPU.ActiveCfg = Release|Any CPU
		{3706128a-8e00-9545-59b8-33ff90f0dc8a}.Release|Any CPU.Build.0 = Release|Any CPU
		{8ac95a7a-b74c-c1ef-2e7b-40bae24e4ece}.Debug|Any CPU.ActiveCfg = Debug|Any CPU
		{8ac95a7a-b74c-c1ef-2e7b-40bae24e4ece}.Debug|Any CPU.Build.0 = Debug|Any CPU
		{8ac95a7a-b74c-c1ef-2e7b-40bae24e4ece}.Release|Any CPU.ActiveCfg = Release|Any CPU
		{8ac95a7a-b74c-c1ef-2e7b-40bae24e4ece}.Release|Any CPU.Build.0 = Release|Any CPU
		{e8e4efa1-77aa-6864-fc2a-2cc687a56cfd}.Debug|Any CPU.ActiveCfg = Debug|Any CPU
		{e8e4efa1-77aa-6864-fc2a-2cc687a56cfd}.Debug|Any CPU.Build.0 = Debug|Any CPU
		{e8e4efa1-77aa-6864-fc2a-2cc687a56cfd}.Release|Any CPU.ActiveCfg = Release|Any CPU
		{e8e4efa1-77aa-6864-fc2a-2cc687a56cfd}.Release|Any CPU.Build.0 = Release|Any CPU
	EndGlobalSection
	GlobalSection(SolutionProperties) = preSolution
		HideSolutionNode = FALSE
	EndGlobalSection
EndGlobal
